# THIS IS AN AUTOGENERATED FILE. DO NOT EDIT THIS FILE DIRECTLY.
# yarn lockfile v1


dotenv@^8.2.0:
  version "8.2.0"
  resolved "https://registry.yarnpkg.com/dotenv/-/dotenv-8.2.0.tgz#97e619259ada750eea3e4ea3e26bceea5424b16a"
  integrity sha512-8sJ78ElpbDJBHNeBzUbUVLsqKdccaa/BXF1uPTw3GrvQTBgrQrtObr2mUrE38vzYd8cEv+m/JBfDLioYcfXoaw==

error-stack-parser@^2.0.4:
  version "2.0.6"
  resolved "https://registry.yarnpkg.com/error-stack-parser/-/error-stack-parser-2.0.6.tgz#5a99a707bd7a4c58a797902d48d82803ede6aad8"
  integrity sha512-d51brTeqC+BHlwF0BhPtcYgF5nlzf9ZZ0ZIUQNZpc9ZB9qw5IJ2diTrBY9jlCJkTLITYPjmiX6OWCwH+fuyNgQ==
  dependencies:
    stackframe "^1.1.1"

reactotron-core-client@2.8.9:
  version "2.8.9"
  resolved "https://registry.yarnpkg.com/reactotron-core-client/-/reactotron-core-client-2.8.9.tgz#79b96c69c017a036129a7cbce2ce6b3729995cfc"
  integrity sha512-IAfNEst/VrWC4b5kOWkHLV0xCwM5n3Pd8q59ueotg1Tql81HnhCeHW1/lCPaaNh2B3/Eh3rAXuiM3yYWvdU36g==

reactotron-react-js@^3.3.7:
  version "3.3.7"
  resolved "https://registry.yarnpkg.com/reactotron-react-js/-/reactotron-react-js-3.3.7.tgz#c2d09e8d6f4758be207d346185de956dc80fa91f"
  integrity sha512-wWC2P2A2OhtUMN0L4vIphaPZXcC2HRwotNljCipEyzHDzTwvRmgsb5ZNKQjmAWGPZlqlb8EEAJA1L9A7HB8B2A==
  dependencies:
    reactotron-core-client "2.8.9"
    stacktrace-js "2.0.1"

source-map@0.5.6:
  version "0.5.6"
  resolved "https://registry.yarnpkg.com/source-map/-/source-map-0.5.6.tgz#75ce38f52bf0733c5a7f0c118d81334a2bb5f412"
  integrity sha1-dc449SvwczxafwwRjYEzSiu19BI=

stack-generator@^2.0.4:
  version "2.0.5"
  resolved "https://registry.yarnpkg.com/stack-generator/-/stack-generator-2.0.5.tgz#fb00e5b4ee97de603e0773ea78ce944d81596c36"
  integrity sha512-/t1ebrbHkrLrDuNMdeAcsvynWgoH/i4o8EGGfX7dEYDoTXOYVAkEpFdtshlvabzc6JlJ8Kf9YdFEoz7JkzGN9Q==
  dependencies:
    stackframe "^1.1.1"

stackframe@^1.1.1:
  version "1.1.1"
  resolved "https://registry.yarnpkg.com/stackframe/-/stackframe-1.1.1.tgz#ffef0a3318b1b60c3b58564989aca5660729ec71"
  integrity sha512-0PlYhdKh6AfFxRyK/v+6/k+/mMfyiEBbTM5L94D0ZytQnJ166wuwoTYLHFWGbs2dpA8Rgq763KGWmN1EQEYHRQ==

stacktrace-gps@^3.0.3:
  version "3.0.4"
  resolved "https://registry.yarnpkg.com/stacktrace-gps/-/stacktrace-gps-3.0.4.tgz#7688dc2fc09ffb3a13165ebe0dbcaf41bcf0c69a"
  integrity sha512-qIr8x41yZVSldqdqe6jciXEaSCKw1U8XTXpjDuy0ki/apyTn/r3w9hDAAQOhZdxvsC93H+WwwEu5cq5VemzYeg==
  dependencies:
    source-map "0.5.6"
    stackframe "^1.1.1"

stacktrace-js@2.0.1:
  version "2.0.1"
  resolved "https://registry.yarnpkg.com/stacktrace-js/-/stacktrace-js-2.0.1.tgz#ebdb0e9a16e6f171f96ca7878404e7f15c3d42ba"
  integrity sha512-13oDNgBSeWtdGa4/2BycNyKqe+VktCoJ8VLx4pDoJkwGGJVtiHdfMOAj3aW9xTi8oR2v34z9IcvfCvT6XNdNAw==
  dependencies:
    error-stack-parser "^2.0.4"
    stack-generator "^2.0.4"
    stacktrace-gps "^3.0.3"
